
Microsoft Visual Studio Solution File, Format Version 12.00
# Visual Studio Version 17
VisualStudioVersion = 17.9.34616.47
MinimumVisualStudioVersion = 10.0.40219.1
Project("{8BC9CEB8-8B4A-11D0-8D11-00A0C91BC942}") = "polymorphy", "polymorphy\polymorphy.vcxproj", "{6501FFC7-1E4F-43F8-92A1-817E5FAEA5E5}"
EndProject
Project("{8BC9CEB8-8B4A-11D0-8D11-00A0C91BC942}") = "noOveriding", "noOveriding\noOveriding.vcxproj", "{D6296CB3-72A6-4A0C-8944-B16AFBEAB3DB}"
EndProject
Global
	GlobalSection(SolutionConfigurationPlatforms) = preSolution
		Debug|x64 = Debug|x64
		Debug|x86 = Debug|x86
		Release|x64 = Release|x64
		Release|x86 = Release|x86
	EndGlobalSection
	GlobalSection(ProjectConfigurationPlatforms) = postSolution
		{6501FFC7-1E4F-43F8-92A1-817E5FAEA5E5}.Debug|x64.ActiveCfg = Debug|x64
		{6501FFC7-1E4F-43F8-92A1-817E5FAEA5E5}.Debug|x64.Build.0 = Debug|x64
		{6501FFC7-1E4F-43F8-92A1-817E5FAEA5E5}.Debug|x86.ActiveCfg = Debug|Win32
		{6501FFC7-1E4F-43F8-92A1-817E5FAEA5E5}.Debug|x86.Build.0 = Debug|Win32
		{6501FFC7-1E4F-43F8-92A1-817E5FAEA5E5}.Release|x64.ActiveCfg = Release|x64
		{6501FFC7-1E4F-43F8-92A1-817E5FAEA5E5}.Release|x64.Build.0 = Release|x64
		{6501FFC7-1E4F-43F8-92A1-817E5FAEA5E5}.Release|x86.ActiveCfg = Release|Win32
		{6501FFC7-1E4F-43F8-92A1-817E5FAEA5E5}.Release|x86.Build.0 = Release|Win32
		{D6296CB3-72A6-4A0C-8944-B16AFBEAB3DB}.Debug|x64.ActiveCfg = Debug|x64
		{D6296CB3-72A6-4A0C-8944-B16AFBEAB3DB}.Debug|x64.Build.0 = Debug|x64
		{D6296CB3-72A6-4A0C-8944-B16AFBEAB3DB}.Debug|x86.ActiveCfg = Debug|Win32
		{D6296CB3-72A6-4A0C-8944-B16AFBEAB3DB}.Debug|x86.Build.0 = Debug|Win32
		{D6296CB3-72A6-4A0C-8944-B16AFBEAB3DB}.Release|x64.ActiveCfg = Release|x64
		{D6296CB3-72A6-4A0C-8944-B16AFBEAB3DB}.Release|x64.Build.0 = Release|x64
		{D6296CB3-72A6-4A0C-8944-B16AFBEAB3DB}.Release|x86.ActiveCfg = Release|Win32
		{D6296CB3-72A6-4A0C-8944-B16AFBEAB3DB}.Release|x86.Build.0 = Release|Win32
	EndGlobalSection
	GlobalSection(SolutionProperties) = preSolution
		HideSolutionNode = FALSE
	EndGlobalSection
	GlobalSection(ExtensibilityGlobals) = postSolution
		SolutionGuid = {E3465E62-526B-485A-A0A3-30261FFC9B02}
	EndGlobalSection
EndGlobal
